<?xml version="1.0" encoding="utf-8"?>
<Project ToolsVersion="4.0" xmlns="http://schemas.microsoft.com/developer/msbuild/2003">
  <ItemGroup>
    <Filter Include="Source Files">
      <UniqueIdentifier>{4FC737F1-C7A5-4376-A066-2A32D752A2FF}</UniqueIdentifier>
      <Extensions>cpp;c;cc;cxx;def;odl;idl;hpj;bat;asm;asmx</Extensions>
    </Filter>
    <Filter Include="Header Files">
      <UniqueIdentifier>{93995380-89BD-4b04-88EB-625FBE52EBFB}</UniqueIdentifier>
      <Extensions>h;hpp;hxx;hm;inl;inc;xsd</Extensions>
    </Filter>
    <Filter Include="Header Files\renderer">
      <UniqueIdentifier>{356f4523-7ed1-410d-8c19-c853150844af}</UniqueIdentifier>
    </Filter>
    <Filter Include="Header Files\external">
      <UniqueIdentifier>{5ab26ddf-a872-492b-af73-be35d5beb9bb}</UniqueIdentifier>
    </Filter>
    <Filter Include="Header Files\utils">
      <UniqueIdentifier>{fc742f06-bc1e-46d4-a14e-c2059b7adfd5}</UniqueIdentifier>
    </Filter>
    <Filter Include="Source Files\importer">
      <UniqueIdentifier>{19bf425d-5c6f-4142-b721-0326346c1ca7}</UniqueIdentifier>
    </Filter>
    <Filter Include="Source Files\hex">
      <UniqueIdentifier>{8c60de7b-8f87-46d3-bc94-c5a78907ca8d}</UniqueIdentifier>
    </Filter>
    <Filter Include="Source Files\win">
      <UniqueIdentifier>{d578a43f-a4c2-46a5-bd6b-905fb2c1a1cd}</UniqueIdentifier>
    </Filter>
    <Filter Include="Source Files\physics2">
      <UniqueIdentifier>{7ade583e-2bb2-4b90-801f-ed4fb03aaa0d}</UniqueIdentifier>
    </Filter>
    <Filter Include="Source Files\messaging">
      <UniqueIdentifier>{a2f37271-955c-4fd6-a636-30fa839a2eed}</UniqueIdentifier>
    </Filter>
    <Filter Include="Source Files\sound">
      <UniqueIdentifier>{f0fb6ba5-ec8a-41db-8fe3-f2b22aa225f0}</UniqueIdentifier>
    </Filter>
    <Filter Include="Header Files\renderer\imRendr">
      <UniqueIdentifier>{11d7b24b-0aa5-479c-a6a8-baa33500a743}</UniqueIdentifier>
    </Filter>
    <Filter Include="Source Files\gui">
      <UniqueIdentifier>{ae70c5d8-e25d-44e2-8ba4-ed23892fdfd9}</UniqueIdentifier>
    </Filter>
    <Filter Include="Source Files\listen">
      <UniqueIdentifier>{889aa8e0-dc66-4e55-a1f5-a5c4b4c2d4c7}</UniqueIdentifier>
    </Filter>
  </ItemGroup>
  <ItemGroup>
    <ClCompile Include="..\Src\BaseApp.cpp">
      <Filter>Source Files</Filter>
    </ClCompile>
    <ClCompile Include="..\src\colour.cpp">
      <Filter>Source Files</Filter>
    </ClCompile>
    <ClCompile Include="..\src\UI\GUIcheckButton.cpp">
      <Filter>Source Files</Filter>
    </ClCompile>
    <ClCompile Include="..\src\UI\GUIcontainer.cpp">
      <Filter>Source Files</Filter>
    </ClCompile>
    <ClCompile Include="..\src\UI\GUIdlg.cpp">
      <Filter>Source Files</Filter>
    </ClCompile>
    <ClCompile Include="..\src\UI\GUIgroup.cpp">
      <Filter>Source Files</Filter>
    </ClCompile>
    <ClCompile Include="..\src\UI\GUIiconButton.cpp">
      <Filter>Source Files</Filter>
    </ClCompile>
    <ClCompile Include="..\src\UI\GUIimageGrid.cpp">
      <Filter>Source Files</Filter>
    </ClCompile>
    <ClCompile Include="..\src\UI\GUIpanel.cpp">
      <Filter>Source Files</Filter>
    </ClCompile>
    <ClCompile Include="..\src\UI\GUIpanelContainer.cpp">
      <Filter>Source Files</Filter>
    </ClCompile>
    <ClCompile Include="..\src\UI\GUIradio.cpp">
      <Filter>Source Files</Filter>
    </ClCompile>
    <ClCompile Include="..\src\UI\GUIroot.cpp">
      <Filter>Source Files</Filter>
    </ClCompile>
    <ClCompile Include="..\src\UI\GUIscrollbar.cpp">
      <Filter>Source Files</Filter>
    </ClCompile>
    <ClCompile Include="..\src\Reader.cpp">
      <Filter>Source Files</Filter>
    </ClCompile>
    <ClCompile Include="..\src\simplexnoise.cpp">
      <Filter>Source Files</Filter>
    </ClCompile>
    <ClCompile Include="..\Src\TexLoader.cpp">
      <Filter>Source Files</Filter>
    </ClCompile>
    <ClCompile Include="..\src\Texture.cpp">
      <Filter>Source Files</Filter>
    </ClCompile>
    <ClCompile Include="..\src\vertBufs.cpp">
      <Filter>Source Files</Filter>
    </ClCompile>
    <ClCompile Include="..\src\renderer\3dobject.cpp">
      <Filter>Header Files\renderer</Filter>
    </ClCompile>
    <ClCompile Include="..\src\renderer\camera.cpp">
      <Filter>Header Files\renderer</Filter>
    </ClCompile>
    <ClCompile Include="..\src\renderer\light.cpp">
      <Filter>Header Files\renderer</Filter>
    </ClCompile>
    <ClCompile Include="..\src\renderer\renderer.cpp">
      <Filter>Header Files\renderer</Filter>
    </ClCompile>
    <ClCompile Include="..\src\renderer\material.cpp">
      <Filter>Header Files\renderer</Filter>
    </ClCompile>
    <ClCompile Include="..\src\renderer\renderMaterial.cpp">
      <Filter>Header Files\renderer</Filter>
    </ClCompile>
    <ClCompile Include="..\src\renderer\shader.cpp">
      <Filter>Header Files\renderer</Filter>
    </ClCompile>
    <ClCompile Include="..\src\renderer\renderShader.cpp">
      <Filter>Header Files\renderer</Filter>
    </ClCompile>
    <ClCompile Include="..\src\UI\GUIimage.cpp">
      <Filter>Source Files</Filter>
    </ClCompile>
    <ClCompile Include="..\src\poisson.cpp">
      <Filter>Source Files</Filter>
    </ClCompile>
    <ClCompile Include="..\src\shapes.cpp">
      <Filter>Source Files</Filter>
    </ClCompile>
    <ClCompile Include="..\src\createShape.cpp">
      <Filter>Source Files</Filter>
    </ClCompile>
    <ClCompile Include="..\src\UI\GUIlabel2.cpp">
      <Filter>Source Files</Filter>
    </ClCompile>
    <ClCompile Include="..\src\UI\textBuf.cpp">
      <Filter>Source Files</Filter>
    </ClCompile>
    <ClCompile Include="..\src\renderer\renderTexture.cpp">
      <Filter>Header Files\renderer</Filter>
    </ClCompile>
    <ClCompile Include="..\src\renderer\baseTexture.cpp">
      <Filter>Header Files\renderer</Filter>
    </ClCompile>
    <ClCompile Include="..\src\SysFnt.cpp">
      <Filter>Source Files</Filter>
    </ClCompile>
    <ClCompile Include="..\src\smallsysf.cpp">
      <Filter>Source Files</Filter>
    </ClCompile>
    <ClCompile Include="..\src\UI\GUIbutton2.cpp">
      <Filter>Source Files</Filter>
    </ClCompile>
    <ClCompile Include="..\src\UI\GUItextbox2.cpp">
      <Filter>Source Files</Filter>
    </ClCompile>
    <ClCompile Include="..\src\UI\GUInumeric2.cpp">
      <Filter>Source Files</Filter>
    </ClCompile>
    <ClCompile Include="..\src\win\win.cpp">
      <Filter>Source Files\win</Filter>
    </ClCompile>
    <ClCompile Include="..\src\UI\GUImenu.cpp">
      <Filter>Source Files</Filter>
    </ClCompile>
    <ClCompile Include="..\src\UI\GUIrichText.cpp">
      <Filter>Source Files</Filter>
    </ClCompile>
    <ClCompile Include="..\src\UI\GUIpopMenu.cpp">
      <Filter>Source Files</Filter>
    </ClCompile>
    <ClCompile Include="..\src\UI\GUIpaletteBar.cpp">
      <Filter>Source Files</Filter>
    </ClCompile>
    <ClCompile Include="..\src\UI\GUIimage1D.cpp">
      <Filter>Source Files</Filter>
    </ClCompile>
    <ClCompile Include="..\src\UI\GUIcolourPicker.cpp">
      <Filter>Source Files</Filter>
    </ClCompile>
    <ClCompile Include="..\src\colourGradient.cpp">
      <Filter>Source Files</Filter>
    </ClCompile>
    <ClCompile Include="..\src\UI\rowObject.cpp">
      <Filter>Source Files</Filter>
    </ClCompile>
    <ClCompile Include="..\src\UI\GUIdropdownMenu.cpp">
      <Filter>Source Files</Filter>
    </ClCompile>
    <ClCompile Include="..\src\renderer\mesh.cpp">
      <Filter>Header Files\renderer</Filter>
    </ClCompile>
    <ClCompile Include="..\src\renderer\model2.cpp">
      <Filter>Header Files\renderer</Filter>
    </ClCompile>
    <ClCompile Include="..\src\renderer\model2 .cpp">
      <Filter>Source Files</Filter>
    </ClCompile>
    <ClCompile Include="..\src\UI\GUIswatchContainer.cpp">
      <Filter>Source Files</Filter>
    </ClCompile>
    <ClCompile Include="..\src\UI\GUIdragDrop.cpp">
      <Filter>Source Files</Filter>
    </ClCompile>
    <ClCompile Include="..\src\utils\idContainer.cpp">
      <Filter>Header Files\utils</Filter>
    </ClCompile>
    <ClCompile Include="..\src\utils\log.cpp">
      <Filter>Header Files\utils</Filter>
    </ClCompile>
    <ClCompile Include="..\src\UI\GUIlabel.cpp">
      <Filter>Source Files</Filter>
    </ClCompile>
    <ClCompile Include="..\src\UI\GUIposition.cpp">
      <Filter>Source Files</Filter>
    </ClCompile>
    <ClCompile Include="..\src\renderer\material2.cpp">
      <Filter>Header Files\renderer</Filter>
    </ClCompile>
    <ClCompile Include="..\src\UI\GUIscrollbar2.cpp">
      <Filter>Source Files</Filter>
    </ClCompile>
    <ClCompile Include="..\src\importer\importer.cpp">
      <Filter>Source Files\importer</Filter>
    </ClCompile>
    <ClCompile Include="..\src\hex\hexArray.cpp">
      <Filter>Source Files\hex</Filter>
    </ClCompile>
    <ClCompile Include="..\src\hex\hexElement.cpp">
      <Filter>Source Files\hex</Filter>
    </ClCompile>
    <ClCompile Include="..\src\hex\hex.cpp">
      <Filter>Source Files\hex</Filter>
    </ClCompile>
    <ClCompile Include="..\src\UI\imageBuf.cpp">
      <Filter>Header Files</Filter>
    </ClCompile>
    <ClCompile Include="..\src\UI\textSprite.cpp">
      <Filter>Source Files</Filter>
    </ClCompile>
    <ClCompile Include="..\src\UI\lineBuffer.cpp">
      <Filter>Header Files</Filter>
    </ClCompile>
    <ClCompile Include="..\src\physics2\physEng.cpp">
      <Filter>Source Files\physics2</Filter>
    </ClCompile>
    <ClCompile Include="..\src\physics2\physObj2.cpp">
      <Filter>Source Files\physics2</Filter>
    </ClCompile>
    <ClCompile Include="..\src\physics2\physModel.cpp">
      <Filter>Source Files\physics2</Filter>
    </ClCompile>
    <ClCompile Include="..\src\physics2\contact.cpp">
      <Filter>Source Files\physics2</Filter>
    </ClCompile>
    <ClCompile Include="..\src\buf2.cpp">
      <Filter>Source Files</Filter>
    </ClCompile>
    <ClCompile Include="..\src\sharedBuf.cpp">
      <Filter>Source Files</Filter>
    </ClCompile>
    <ClCompile Include="..\src\messaging\messenger.cpp">
      <Filter>Source Files\messaging</Filter>
    </ClCompile>
    <ClCompile Include="..\src\UI\gui.cpp">
      <Filter>Source Files</Filter>
    </ClCompile>
    <ClCompile Include="..\src\intersect.cpp">
      <Filter>Source Files</Filter>
    </ClCompile>
    <ClCompile Include="..\src\sound\sound.cpp">
      <Filter>Source Files\sound</Filter>
    </ClCompile>
    <ClCompile Include="..\src\utils\random.cpp">
      <Filter>Header Files\utils</Filter>
    </ClCompile>
    <ClCompile Include="..\src\UI\uiRender.cpp">
      <Filter>Header Files</Filter>
    </ClCompile>
    <ClCompile Include="..\src\UI\font.cpp">
      <Filter>Source Files</Filter>
    </ClCompile>
    <ClCompile Include="..\src\renderer\texManager.cpp">
      <Filter>Header Files\renderer</Filter>
    </ClCompile>
    <ClCompile Include="..\src\messaging\msg2.cpp">
      <Filter>Source Files\messaging</Filter>
    </ClCompile>
    <ClCompile Include="..\src\UI\richText.cpp">
      <Filter>Source Files</Filter>
    </ClCompile>
    <ClCompile Include="..\src\UI\fonts.cpp">
      <Filter>Source Files</Filter>
    </ClCompile>
    <ClCompile Include="..\src\renderer\imRendr\CImRendr.cpp">
      <Filter>Header Files\renderer\imRendr</Filter>
    </ClCompile>
    <ClCompile Include="..\src\renderer\imRendr\drawCmd.cpp">
      <Filter>Header Files\renderer\imRendr</Filter>
    </ClCompile>
    <ClCompile Include="..\src\renderer\imRendr\imRendr.cpp">
      <Filter>Header Files\renderer\imRendr</Filter>
    </ClCompile>
    <ClCompile Include="..\src\renderer\drawText.cpp">
      <Filter>Header Files\renderer</Filter>
    </ClCompile>
    <ClCompile Include="..\src\utils\files.cpp">
      <Filter>Header Files\utils</Filter>
    </ClCompile>
    <ClCompile Include="..\src\model.cpp">
      <Filter>Source Files</Filter>
    </ClCompile>
    <ClCompile Include="..\src\UI\GUIbase.cpp">
      <Filter>Source Files</Filter>
    </ClCompile>
    <ClCompile Include="..\src\UI\guiBase2.cpp">
      <Filter>Source Files\gui</Filter>
    </ClCompile>
    <ClCompile Include="..\src\UI\winEvent.cpp">
      <Filter>Source Files</Filter>
    </ClCompile>
    <ClCompile Include="..\src\listen\listen.cpp">
      <Filter>Source Files\listen</Filter>
    </ClCompile>
    <ClCompile Include="..\src\UI\guiRoot2.cpp">
      <Filter>Source Files\gui</Filter>
    </ClCompile>
  </ItemGroup>
  <ItemGroup>
    <ClInclude Include="..\src\colour.h">
      <Filter>Header Files</Filter>
    </ClInclude>
    <ClInclude Include="..\src\UI\GUIcheckButton.h">
      <Filter>Header Files</Filter>
    </ClInclude>
    <ClInclude Include="..\src\UI\GUIdlg.h">
      <Filter>Header Files</Filter>
    </ClInclude>
    <ClInclude Include="..\src\UI\GUIgroup.h">
      <Filter>Header Files</Filter>
    </ClInclude>
    <ClInclude Include="..\src\UI\GUIiconButton.h">
      <Filter>Header Files</Filter>
    </ClInclude>
    <ClInclude Include="..\src\UI\GUIicons.h">
      <Filter>Header Files</Filter>
    </ClInclude>
    <ClInclude Include="..\src\UI\GUIimageGrid.h">
      <Filter>Header Files</Filter>
    </ClInclude>
    <ClInclude Include="..\src\UI\GUIlabel.h">
      <Filter>Header Files</Filter>
    </ClInclude>
    <ClInclude Include="..\src\UI\GUImouse.h">
      <Filter>Header Files</Filter>
    </ClInclude>
    <ClInclude Include="..\src\UI\GUIpanel.h">
      <Filter>Header Files</Filter>
    </ClInclude>
    <ClInclude Include="..\src\UI\GUIpanelContainer.h">
      <Filter>Header Files</Filter>
    </ClInclude>
    <ClInclude Include="..\src\UI\GUIradio.h">
      <Filter>Header Files</Filter>
    </ClInclude>
    <ClInclude Include="..\src\UI\GUIroot.h">
      <Filter>Header Files</Filter>
    </ClInclude>
    <ClInclude Include="..\src\UI\GUIscrollbar.h">
      <Filter>Header Files</Filter>
    </ClInclude>
    <ClInclude Include="..\Src\Macros.h">
      <Filter>Header Files</Filter>
    </ClInclude>
    <ClInclude Include="..\src\simplexnoise.h">
      <Filter>Header Files</Filter>
    </ClInclude>
    <ClInclude Include="..\Src\SysFnt.h">
      <Filter>Header Files</Filter>
    </ClInclude>
    <ClInclude Include="..\Src\TexLoader.h">
      <Filter>Header Files</Filter>
    </ClInclude>
    <ClInclude Include="..\src\Texture.h">
      <Filter>Header Files</Filter>
    </ClInclude>
    <ClInclude Include="..\Src\Types.h">
      <Filter>Header Files</Filter>
    </ClInclude>
    <ClInclude Include="..\src\vertBufs.h">
      <Filter>Header Files</Filter>
    </ClInclude>
    <ClInclude Include="..\src\renderer\3dobject.h">
      <Filter>Header Files\renderer</Filter>
    </ClInclude>
    <ClInclude Include="..\src\renderer\camera.h">
      <Filter>Header Files\renderer</Filter>
    </ClInclude>
    <ClInclude Include="..\src\renderer\light.h">
      <Filter>Header Files\renderer</Filter>
    </ClInclude>
    <ClInclude Include="..\src\renderer\renderer.h">
      <Filter>Header Files\renderer</Filter>
    </ClInclude>
    <ClInclude Include="..\src\renderer\material.h">
      <Filter>Header Files\renderer</Filter>
    </ClInclude>
    <ClInclude Include="..\src\renderer\renderMaterial.h">
      <Filter>Header Files\renderer</Filter>
    </ClInclude>
    <ClInclude Include="..\src\renderer\shader.h">
      <Filter>Header Files\renderer</Filter>
    </ClInclude>
    <ClInclude Include="..\src\renderer\renderShader.h">
      <Filter>Header Files\renderer</Filter>
    </ClInclude>
    <ClInclude Include="..\src\UI\GUIimage.h">
      <Filter>Header Files</Filter>
    </ClInclude>
    <ClInclude Include="..\src\userTypes.h">
      <Filter>Header Files</Filter>
    </ClInclude>
    <ClInclude Include="..\src\poisson.h">
      <Filter>Header Files</Filter>
    </ClInclude>
    <ClInclude Include="..\src\shapes.h">
      <Filter>Header Files</Filter>
    </ClInclude>
    <ClInclude Include="..\src\createShape.h">
      <Filter>Header Files</Filter>
    </ClInclude>
    <ClInclude Include="..\src\UI\GUIlabel2.h">
      <Filter>Header Files</Filter>
    </ClInclude>
    <ClInclude Include="..\src\UI\textBuf.h">
      <Filter>Header Files</Filter>
    </ClInclude>
    <ClInclude Include="..\src\renderer\renderTexture.h">
      <Filter>Header Files\renderer</Filter>
    </ClInclude>
    <ClInclude Include="..\src\renderer\baseTexture.h">
      <Filter>Header Files\renderer</Filter>
    </ClInclude>
    <ClInclude Include="..\src\UI\font.h">
      <Filter>Header Files</Filter>
    </ClInclude>
    <ClInclude Include="..\src\smallsysf.h">
      <Filter>Header Files</Filter>
    </ClInclude>
    <ClInclude Include="..\src\UI\GUIbutton2.h">
      <Filter>Header Files</Filter>
    </ClInclude>
    <ClInclude Include="..\src\UI\GUItextbox2.h">
      <Filter>Header Files</Filter>
    </ClInclude>
    <ClInclude Include="..\src\UI\GUInumeric2.h">
      <Filter>Header Files</Filter>
    </ClInclude>
    <ClInclude Include="..\src\win\win.h">
      <Filter>Source Files\win</Filter>
    </ClInclude>
    <ClInclude Include="..\src\UI\GUImenu.h">
      <Filter>Header Files</Filter>
    </ClInclude>
    <ClInclude Include="..\src\UI\GUIrichText.h">
      <Filter>Header Files</Filter>
    </ClInclude>
    <ClInclude Include="..\src\UI\GUIpopMenu.h">
      <Filter>Source Files</Filter>
    </ClInclude>
    <ClInclude Include="..\src\UI\GUIpaletteBar.h">
      <Filter>Header Files</Filter>
    </ClInclude>
    <ClInclude Include="..\src\UI\GUIimage1D.h">
      <Filter>Header Files</Filter>
    </ClInclude>
    <ClInclude Include="..\src\UI\GUIcolourPicker.h">
      <Filter>Header Files</Filter>
    </ClInclude>
    <ClInclude Include="..\src\colourGradient.h">
      <Filter>Header Files</Filter>
    </ClInclude>
    <ClInclude Include="..\src\UI\rowObject.h">
      <Filter>Header Files</Filter>
    </ClInclude>
    <ClInclude Include="..\src\UI\GUIdropdownMenu.h">
      <Filter>Header Files</Filter>
    </ClInclude>
    <ClInclude Include="..\src\renderer\mesh.h">
      <Filter>Header Files\renderer</Filter>
    </ClInclude>
    <ClInclude Include="..\src\renderer\model2.h">
      <Filter>Header Files\renderer</Filter>
    </ClInclude>
    <ClInclude Include="..\src\UI\GUIswatchContainer.h">
      <Filter>Header Files</Filter>
    </ClInclude>
    <ClInclude Include="..\src\UI\GUIcontainer.h">
      <Filter>Header Files</Filter>
    </ClInclude>
    <ClInclude Include="..\src\UI\GUIdragDrop.h">
      <Filter>Header Files</Filter>
    </ClInclude>
    <ClInclude Include="..\src\external\stb_image.h">
      <Filter>Header Files\external</Filter>
    </ClInclude>
    <ClInclude Include="..\src\external\stb_image_write.h">
      <Filter>Header Files\external</Filter>
    </ClInclude>
    <ClInclude Include="..\src\utils\idContainer.h">
      <Filter>Header Files\utils</Filter>
    </ClInclude>
    <ClInclude Include="..\src\UI\GUIstyleSheet.h">
      <Filter>Header Files</Filter>
    </ClInclude>
    <ClInclude Include="..\src\utils\log.h">
      <Filter>Header Files\utils</Filter>
    </ClInclude>
    <ClInclude Include="..\src\UI\GUIposition.h">
      <Filter>Header Files</Filter>
    </ClInclude>
    <ClInclude Include="..\src\renderer\material2.h">
      <Filter>Header Files\renderer</Filter>
    </ClInclude>
    <ClInclude Include="..\src\UI\GUIcontrols.h">
      <Filter>Header Files</Filter>
    </ClInclude>
    <ClInclude Include="..\src\UI\GUIscrollbar2.h">
      <Filter>Header Files</Filter>
    </ClInclude>
    <ClInclude Include="..\src\importer\importer.h">
      <Filter>Source Files\importer</Filter>
    </ClInclude>
    <ClInclude Include="..\src\importer\simpleMesh.h">
      <Filter>Source Files\importer</Filter>
    </ClInclude>
    <ClInclude Include="..\src\hex\hexArray.h">
      <Filter>Source Files\hex</Filter>
    </ClInclude>
    <ClInclude Include="..\src\hex\hexElement.h">
      <Filter>Source Files\hex</Filter>
    </ClInclude>
    <ClInclude Include="..\src\hex\hex.h">
      <Filter>Source Files\hex</Filter>
    </ClInclude>
    <ClInclude Include="..\src\UI\imageBuf.h">
      <Filter>Header Files</Filter>
    </ClInclude>
    <ClInclude Include="..\src\UI\textSprite.h">
      <Filter>Source Files</Filter>
    </ClInclude>
    <ClInclude Include="..\src\UI\iGuiMsg.h">
      <Filter>Header Files</Filter>
    </ClInclude>
    <ClInclude Include="..\src\UI\lineBuffer.h">
      <Filter>Header Files</Filter>
    </ClInclude>
    <ClInclude Include="..\src\physics2\physEng.h">
      <Filter>Source Files\physics2</Filter>
    </ClInclude>
    <ClInclude Include="..\src\physics2\physObj2.h">
      <Filter>Source Files\physics2</Filter>
    </ClInclude>
    <ClInclude Include="..\src\physics2\physModel.h">
      <Filter>Source Files\physics2</Filter>
    </ClInclude>
    <ClInclude Include="..\src\physics2\contact.h">
      <Filter>Source Files\physics2</Filter>
    </ClInclude>
    <ClInclude Include="..\src\buf2.h">
      <Filter>Source Files</Filter>
    </ClInclude>
    <ClInclude Include="..\src\sharedBuf.h">
      <Filter>Source Files</Filter>
    </ClInclude>
    <ClInclude Include="..\src\messaging\msg.h">
      <Filter>Source Files\messaging</Filter>
    </ClInclude>
    <ClInclude Include="..\src\messaging\messenger.h">
      <Filter>Source Files\messaging</Filter>
    </ClInclude>
    <ClInclude Include="..\src\physics2\collisions.h">
      <Filter>Source Files\physics2</Filter>
    </ClInclude>
    <ClInclude Include="..\src\UI\gui.h">
      <Filter>Header Files</Filter>
    </ClInclude>
    <ClInclude Include="..\src\intersect.h">
      <Filter>Source Files</Filter>
    </ClInclude>
    <ClInclude Include="..\src\sound\sound.h">
      <Filter>Source Files\sound</Filter>
    </ClInclude>
    <ClInclude Include="..\src\utils\random.h">
      <Filter>Header Files\utils</Filter>
    </ClInclude>
    <ClInclude Include="..\Src\BaseApp.h">
      <Filter>Header Files</Filter>
    </ClInclude>
    <ClInclude Include="..\src\UI\uiRender.h">
      <Filter>Header Files</Filter>
    </ClInclude>
    <ClInclude Include="..\src\timer.h">
      <Filter>Header Files</Filter>
    </ClInclude>
    <ClInclude Include="..\src\renderer\texManager.h">
      <Filter>Header Files\renderer</Filter>
    </ClInclude>
    <ClInclude Include="..\src\messaging\msg2.h">
      <Filter>Source Files\messaging</Filter>
    </ClInclude>
    <ClInclude Include="..\src\UI\richText.h">
      <Filter>Source Files</Filter>
    </ClInclude>
    <ClInclude Include="..\src\UI\fonts.h">
      <Filter>Source Files</Filter>
    </ClInclude>
    <ClInclude Include="..\src\renderer\imRendr\CImRendr.h">
      <Filter>Header Files\renderer\imRendr</Filter>
    </ClInclude>
    <ClInclude Include="..\src\renderer\imRendr\drawCmd.h">
      <Filter>Header Files\renderer\imRendr</Filter>
    </ClInclude>
    <ClInclude Include="..\src\renderer\imRendr\imRendr.h">
      <Filter>Header Files\renderer\imRendr</Filter>
    </ClInclude>
    <ClInclude Include="..\src\renderer\drawText.h">
      <Filter>Header Files\renderer</Filter>
    </ClInclude>
    <ClInclude Include="..\src\utils\files.h">
      <Filter>Header Files\utils</Filter>
    </ClInclude>
    <ClInclude Include="..\src\model.h">
      <Filter>Source Files</Filter>
    </ClInclude>
    <ClInclude Include="..\src\UI\GUIbase.h">
      <Filter>Header Files</Filter>
    </ClInclude>
    <ClInclude Include="..\src\UI\guiBase2.h">
      <Filter>Source Files\gui</Filter>
    </ClInclude>
    <ClInclude Include="..\src\listen\event.h">
      <Filter>Source Files\listen</Filter>
    </ClInclude>
    <ClInclude Include="..\src\listen\listen.h">
      <Filter>Source Files\listen</Filter>
    </ClInclude>
    <ClInclude Include="..\src\UI\guiRoot2.h">
      <Filter>Source Files\gui</Filter>
    </ClInclude>
    <ClInclude Include="..\src\UI\guiMsg.h">
      <Filter>Source Files\gui</Filter>
    </ClInclude>
  </ItemGroup>
</Project>