<?xml version="1.0" encoding="utf-8"?>
<Project ToolsVersion="4.0" xmlns="http://schemas.microsoft.com/developer/msbuild/2003">
  <ItemGroup>
    <Filter Include="Source Files">
      <UniqueIdentifier>{4FC737F1-C7A5-4376-A066-2A32D752A2FF}</UniqueIdentifier>
      <Extensions>cpp;c;cc;cxx;def;odl;idl;hpj;bat;asm;asmx</Extensions>
    </Filter>
    <Filter Include="Header Files">
      <UniqueIdentifier>{93995380-89BD-4b04-88EB-625FBE52EBFB}</UniqueIdentifier>
      <Extensions>h;hpp;hxx;hm;inl;inc;xsd</Extensions>
    </Filter>
    <Filter Include="Header Files\renderer">
      <UniqueIdentifier>{356f4523-7ed1-410d-8c19-c853150844af}</UniqueIdentifier>
    </Filter>
    <Filter Include="physics">
      <UniqueIdentifier>{68bf13a4-7614-482d-9d7c-c43c43446815}</UniqueIdentifier>
    </Filter>
    <Filter Include="plants">
      <UniqueIdentifier>{f8095697-a025-4e4c-a489-51c83798dc72}</UniqueIdentifier>
    </Filter>
    <Filter Include="vm">
      <UniqueIdentifier>{0182bb3e-e9c5-4d69-aa75-cd0204fe3489}</UniqueIdentifier>
    </Filter>
    <Filter Include="texGen">
      <UniqueIdentifier>{d613a150-3276-4d6b-a9f8-110f621a3eef}</UniqueIdentifier>
    </Filter>
    <Filter Include="terrain2">
      <UniqueIdentifier>{27ed68a3-1a9e-4120-8c53-13d02f5fcf55}</UniqueIdentifier>
    </Filter>
    <Filter Include="Header Files\external">
      <UniqueIdentifier>{5ab26ddf-a872-492b-af73-be35d5beb9bb}</UniqueIdentifier>
    </Filter>
    <Filter Include="Header Files\utils">
      <UniqueIdentifier>{fc742f06-bc1e-46d4-a14e-c2059b7adfd5}</UniqueIdentifier>
    </Filter>
    <Filter Include="Source Files\importer">
      <UniqueIdentifier>{19bf425d-5c6f-4142-b721-0326346c1ca7}</UniqueIdentifier>
    </Filter>
    <Filter Include="Source Files\hex">
      <UniqueIdentifier>{8c60de7b-8f87-46d3-bc94-c5a78907ca8d}</UniqueIdentifier>
    </Filter>
    <Filter Include="Source Files\win">
      <UniqueIdentifier>{d578a43f-a4c2-46a5-bd6b-905fb2c1a1cd}</UniqueIdentifier>
    </Filter>
    <Filter Include="Source Files\physics2">
      <UniqueIdentifier>{7ade583e-2bb2-4b90-801f-ed4fb03aaa0d}</UniqueIdentifier>
    </Filter>
    <Filter Include="Source Files\messaging">
      <UniqueIdentifier>{a2f37271-955c-4fd6-a636-30fa839a2eed}</UniqueIdentifier>
    </Filter>
  </ItemGroup>
  <ItemGroup>
    <ClCompile Include="..\Src\BaseApp.cpp">
      <Filter>Source Files</Filter>
    </ClCompile>
    <ClCompile Include="..\src\chunk.cpp">
      <Filter>Source Files</Filter>
    </ClCompile>
    <ClCompile Include="..\src\colour.cpp">
      <Filter>Source Files</Filter>
    </ClCompile>
    <ClCompile Include="..\Src\Engine.cpp">
      <Filter>Source Files</Filter>
    </ClCompile>
    <ClCompile Include="..\src\UI\GUIbase.cpp">
      <Filter>Source Files</Filter>
    </ClCompile>
    <ClCompile Include="..\src\UI\GUIcheckButton.cpp">
      <Filter>Source Files</Filter>
    </ClCompile>
    <ClCompile Include="..\src\UI\GUIcontainer.cpp">
      <Filter>Source Files</Filter>
    </ClCompile>
    <ClCompile Include="..\src\UI\GUIdlg.cpp">
      <Filter>Source Files</Filter>
    </ClCompile>
    <ClCompile Include="..\src\UI\GUIgroup.cpp">
      <Filter>Source Files</Filter>
    </ClCompile>
    <ClCompile Include="..\src\UI\GUIiconButton.cpp">
      <Filter>Source Files</Filter>
    </ClCompile>
    <ClCompile Include="..\src\UI\GUIimageGrid.cpp">
      <Filter>Source Files</Filter>
    </ClCompile>
    <ClCompile Include="..\src\UI\GUIpanel.cpp">
      <Filter>Source Files</Filter>
    </ClCompile>
    <ClCompile Include="..\src\UI\GUIpanelContainer.cpp">
      <Filter>Source Files</Filter>
    </ClCompile>
    <ClCompile Include="..\src\UI\GUIradio.cpp">
      <Filter>Source Files</Filter>
    </ClCompile>
    <ClCompile Include="..\src\UI\GUIroot.cpp">
      <Filter>Source Files</Filter>
    </ClCompile>
    <ClCompile Include="..\src\UI\GUIscrollbar.cpp">
      <Filter>Source Files</Filter>
    </ClCompile>
    <ClCompile Include="..\src\Reader.cpp">
      <Filter>Source Files</Filter>
    </ClCompile>
    <ClCompile Include="..\src\simplexnoise.cpp">
      <Filter>Source Files</Filter>
    </ClCompile>
    <ClCompile Include="..\Src\SoundLib.cpp">
      <Filter>Source Files</Filter>
    </ClCompile>
    <ClCompile Include="..\src\Sprite.cpp">
      <Filter>Source Files</Filter>
    </ClCompile>
    <ClCompile Include="..\src\superChunk.cpp">
      <Filter>Source Files</Filter>
    </ClCompile>
    <ClCompile Include="..\src\terrain.cpp">
      <Filter>Source Files</Filter>
    </ClCompile>
    <ClCompile Include="..\Src\TexLoader.cpp">
      <Filter>Source Files</Filter>
    </ClCompile>
    <ClCompile Include="..\src\Texture.cpp">
      <Filter>Source Files</Filter>
    </ClCompile>
    <ClCompile Include="..\src\UIengine.cpp">
      <Filter>Source Files</Filter>
    </ClCompile>
    <ClCompile Include="..\src\vertBufs.cpp">
      <Filter>Source Files</Filter>
    </ClCompile>
    <ClCompile Include="..\src\renderer\2d.cpp">
      <Filter>Header Files\renderer</Filter>
    </ClCompile>
    <ClCompile Include="..\src\renderer\3d.cpp">
      <Filter>Header Files\renderer</Filter>
    </ClCompile>
    <ClCompile Include="..\src\renderer\3dobject.cpp">
      <Filter>Header Files\renderer</Filter>
    </ClCompile>
    <ClCompile Include="..\src\renderer\camera.cpp">
      <Filter>Header Files\renderer</Filter>
    </ClCompile>
    <ClCompile Include="..\src\renderer\light.cpp">
      <Filter>Header Files\renderer</Filter>
    </ClCompile>
    <ClCompile Include="..\src\renderer\model.cpp">
      <Filter>Header Files\renderer</Filter>
    </ClCompile>
    <ClCompile Include="..\src\renderer\renderer.cpp">
      <Filter>Header Files\renderer</Filter>
    </ClCompile>
    <ClCompile Include="..\src\direction.cpp">
      <Filter>Source Files</Filter>
    </ClCompile>
    <ClCompile Include="..\src\renderer\multiBuf.cpp">
      <Filter>Header Files\renderer</Filter>
    </ClCompile>
    <ClCompile Include="..\src\renderer\buf.cpp">
      <Filter>Header Files\renderer</Filter>
    </ClCompile>
    <ClCompile Include="..\src\renderer\baseBuf.cpp">
      <Filter>Header Files\renderer</Filter>
    </ClCompile>
    <ClCompile Include="..\src\skyDome.cpp">
      <Filter>Source Files</Filter>
    </ClCompile>
    <ClCompile Include="..\src\renderer\material.cpp">
      <Filter>Header Files\renderer</Filter>
    </ClCompile>
    <ClCompile Include="..\src\renderer\texManager.cpp">
      <Filter>Header Files\renderer</Filter>
    </ClCompile>
    <ClCompile Include="..\src\renderer\renderModel.cpp">
      <Filter>Header Files\renderer</Filter>
    </ClCompile>
    <ClCompile Include="..\src\renderer\modelMulti.cpp">
      <Filter>Header Files\renderer</Filter>
    </ClCompile>
    <ClCompile Include="..\src\renderer\renderMaterial.cpp">
      <Filter>Header Files\renderer</Filter>
    </ClCompile>
    <ClCompile Include="..\src\renderer\shader.cpp">
      <Filter>Header Files\renderer</Filter>
    </ClCompile>
    <ClCompile Include="..\src\renderer\renderShader.cpp">
      <Filter>Header Files\renderer</Filter>
    </ClCompile>
    <ClCompile Include="..\src\renderer\billboard.cpp">
      <Filter>Header Files\renderer</Filter>
    </ClCompile>
    <ClCompile Include="..\src\physics\physObj.cpp">
      <Filter>physics</Filter>
    </ClCompile>
    <ClCompile Include="..\src\physics\physObjManager.cpp">
      <Filter>physics</Filter>
    </ClCompile>
    <ClCompile Include="..\src\physics\basePhysObj.cpp">
      <Filter>physics</Filter>
    </ClCompile>
    <ClCompile Include="..\src\physics\terrainPhysObj.cpp">
      <Filter>physics</Filter>
    </ClCompile>
    <ClCompile Include="..\src\physics\bsphere.cpp">
      <Filter>physics</Filter>
    </ClCompile>
    <ClCompile Include="..\src\physics\collision.cpp">
      <Filter>physics</Filter>
    </ClCompile>
    <ClCompile Include="..\src\physics\contacts.cpp">
      <Filter>physics</Filter>
    </ClCompile>
    <ClCompile Include="..\src\physics\aabb.cpp">
      <Filter>physics</Filter>
    </ClCompile>
    <ClCompile Include="..\src\playerObj.cpp">
      <Filter>Header Files</Filter>
    </ClCompile>
    <ClCompile Include="..\src\UI\renderDrawFuncs.cpp">
      <Filter>Source Files</Filter>
    </ClCompile>
    <ClCompile Include="..\src\UI\GUIimage.cpp">
      <Filter>Source Files</Filter>
    </ClCompile>
    <ClCompile Include="..\src\poisson.cpp">
      <Filter>Source Files</Filter>
    </ClCompile>
    <ClCompile Include="..\src\Plants\fractalTree.cpp">
      <Filter>plants</Filter>
    </ClCompile>
    <ClCompile Include="..\src\shapes.cpp">
      <Filter>Source Files</Filter>
    </ClCompile>
    <ClCompile Include="..\src\createShape.cpp">
      <Filter>Source Files</Filter>
    </ClCompile>
    <ClCompile Include="..\src\UI\GUIlabel2.cpp">
      <Filter>Source Files</Filter>
    </ClCompile>
    <ClCompile Include="..\src\UI\textBuf.cpp">
      <Filter>Source Files</Filter>
    </ClCompile>
    <ClCompile Include="..\src\renderer\renderTexture.cpp">
      <Filter>Header Files\renderer</Filter>
    </ClCompile>
    <ClCompile Include="..\src\renderer\baseTexture.cpp">
      <Filter>Header Files\renderer</Filter>
    </ClCompile>
    <ClCompile Include="..\src\UI\font.cpp">
      <Filter>Source Files</Filter>
    </ClCompile>
    <ClCompile Include="..\src\SysFnt.cpp">
      <Filter>Source Files</Filter>
    </ClCompile>
    <ClCompile Include="..\src\smallsysf.cpp">
      <Filter>Source Files</Filter>
    </ClCompile>
    <ClCompile Include="..\src\UI\GUIbutton2.cpp">
      <Filter>Source Files</Filter>
    </ClCompile>
    <ClCompile Include="..\src\UI\GUItextbox2.cpp">
      <Filter>Source Files</Filter>
    </ClCompile>
    <ClCompile Include="..\src\UI\GUInumeric2.cpp">
      <Filter>Source Files</Filter>
    </ClCompile>
    <ClCompile Include="..\..\VMtest\src\daemon.cpp">
      <Filter>vm</Filter>
    </ClCompile>
    <ClCompile Include="..\..\VMtest\src\stack.cpp">
      <Filter>vm</Filter>
    </ClCompile>
    <ClCompile Include="..\..\VMtest\src\var.cpp">
      <Filter>vm</Filter>
    </ClCompile>
    <ClCompile Include="..\..\VMtest\src\vm.cpp">
      <Filter>vm</Filter>
    </ClCompile>
    <ClCompile Include="..\..\VMtest\src\vmConsole.cpp">
      <Filter>vm</Filter>
    </ClCompile>
    <ClCompile Include="..\..\VMtest\src\vmApp.cpp">
      <Filter>vm</Filter>
    </ClCompile>
    <ClCompile Include="..\src\win\win.cpp">
      <Filter>Source Files\win</Filter>
    </ClCompile>
    <ClCompile Include="..\src\UI\GUImenu.cpp">
      <Filter>Source Files</Filter>
    </ClCompile>
    <ClCompile Include="..\src\UI\GUIrichText.cpp">
      <Filter>Source Files</Filter>
    </ClCompile>
    <ClCompile Include="..\src\UI\GUIpopMenu.cpp">
      <Filter>Source Files</Filter>
    </ClCompile>
    <ClCompile Include="..\src\renderer\fontManager.cpp">
      <Filter>Header Files\renderer</Filter>
    </ClCompile>
    <ClCompile Include="..\src\texGen\compositor.cpp">
      <Filter>texGen</Filter>
    </ClCompile>
    <ClCompile Include="..\src\texGen\texGen.cpp">
      <Filter>texGen</Filter>
    </ClCompile>
    <ClCompile Include="..\src\UI\GUIpaletteBar.cpp">
      <Filter>Source Files</Filter>
    </ClCompile>
    <ClCompile Include="..\src\UI\GUIimage1D.cpp">
      <Filter>Source Files</Filter>
    </ClCompile>
    <ClCompile Include="..\src\UI\GUIcolourPicker.cpp">
      <Filter>Source Files</Filter>
    </ClCompile>
    <ClCompile Include="..\src\colourGradient.cpp">
      <Filter>Source Files</Filter>
    </ClCompile>
    <ClCompile Include="..\src\terrain\terrain2.cpp">
      <Filter>terrain2</Filter>
    </ClCompile>
    <ClCompile Include="..\src\terrain\shell.cpp">
      <Filter>terrain2</Filter>
    </ClCompile>
    <ClCompile Include="..\src\texGen\texGenUI.cpp">
      <Filter>texGen</Filter>
    </ClCompile>
    <ClCompile Include="..\src\texGen\GUInoiseCtrl.cpp">
      <Filter>texGen</Filter>
    </ClCompile>
    <ClCompile Include="..\src\texGen\composeTest.cpp">
      <Filter>texGen</Filter>
    </ClCompile>
    <ClCompile Include="..\src\UI\rowObject.cpp">
      <Filter>Source Files</Filter>
    </ClCompile>
    <ClCompile Include="..\src\UI\GUIdropdownMenu.cpp">
      <Filter>Source Files</Filter>
    </ClCompile>
    <ClCompile Include="..\src\terrain\scArray.cpp">
      <Filter>terrain2</Filter>
    </ClCompile>
    <ClCompile Include="..\src\terrain\superChunk2.cpp">
      <Filter>terrain2</Filter>
    </ClCompile>
    <ClCompile Include="..\src\texGen\GUItrackImage.cpp">
      <Filter>texGen</Filter>
    </ClCompile>
    <ClCompile Include="..\src\renderer\mesh.cpp">
      <Filter>Header Files\renderer</Filter>
    </ClCompile>
    <ClCompile Include="..\src\renderer\model2.cpp">
      <Filter>Header Files\renderer</Filter>
    </ClCompile>
    <ClCompile Include="..\src\renderer\model2 .cpp">
      <Filter>Source Files</Filter>
    </ClCompile>
    <ClCompile Include="..\src\UI\GUIswatchContainer.cpp">
      <Filter>Source Files</Filter>
    </ClCompile>
    <ClCompile Include="..\src\UI\GUIdragDrop.cpp">
      <Filter>Source Files</Filter>
    </ClCompile>
    <ClCompile Include="..\src\utils\idContainer.cpp">
      <Filter>Header Files\utils</Filter>
    </ClCompile>
    <ClCompile Include="..\src\utils\log.cpp">
      <Filter>Header Files\utils</Filter>
    </ClCompile>
    <ClCompile Include="..\src\UI\GUIlabel.cpp">
      <Filter>Source Files</Filter>
    </ClCompile>
    <ClCompile Include="..\src\UI\GUIposition.cpp">
      <Filter>Source Files</Filter>
    </ClCompile>
    <ClCompile Include="..\src\UI\GUIbutton.cpp">
      <Filter>Source Files</Filter>
    </ClCompile>
    <ClCompile Include="..\src\renderer\material2.cpp">
      <Filter>Header Files\renderer</Filter>
    </ClCompile>
    <ClCompile Include="..\src\terrain\chunk2.cpp">
      <Filter>Source Files</Filter>
    </ClCompile>
    <ClCompile Include="..\src\physics\terrainPhysObj2.cpp">
      <Filter>physics</Filter>
    </ClCompile>
    <ClCompile Include="..\src\UI\GUIscrollbar2.cpp">
      <Filter>Source Files</Filter>
    </ClCompile>
    <ClCompile Include="..\src\importer\importer.cpp">
      <Filter>Source Files\importer</Filter>
    </ClCompile>
    <ClCompile Include="..\src\hex\hexArray.cpp">
      <Filter>Source Files\hex</Filter>
    </ClCompile>
    <ClCompile Include="..\src\hex\hexElement.cpp">
      <Filter>Source Files\hex</Filter>
    </ClCompile>
    <ClCompile Include="..\src\hex\hex.cpp">
      <Filter>Source Files\hex</Filter>
    </ClCompile>
    <ClCompile Include="..\src\hex\hexObject.cpp">
      <Filter>Source Files\hex</Filter>
    </ClCompile>
    <ClCompile Include="..\src\renderer\multiBuf2.cpp">
      <Filter>Header Files\renderer</Filter>
    </ClCompile>
    <ClCompile Include="..\src\UI\imageBuf.cpp">
      <Filter>Header Files</Filter>
    </ClCompile>
    <ClCompile Include="..\src\UI\textSprite.cpp">
      <Filter>Source Files</Filter>
    </ClCompile>
    <ClCompile Include="..\src\UI\text.cpp">
      <Filter>Source Files</Filter>
    </ClCompile>
    <ClCompile Include="..\src\hex\hexRenderer.cpp">
      <Filter>Source Files\hex</Filter>
    </ClCompile>
    <ClCompile Include="..\..\VMtest\src\tigObj.cpp">
      <Filter>vm</Filter>
    </ClCompile>
    <ClCompile Include="..\src\UI\lineBuffer.cpp">
      <Filter>Header Files</Filter>
    </ClCompile>
    <ClCompile Include="..\src\physics2\physEng.cpp">
      <Filter>Source Files\physics2</Filter>
    </ClCompile>
    <ClCompile Include="..\src\physics2\physObj2.cpp">
      <Filter>Source Files\physics2</Filter>
    </ClCompile>
    <ClCompile Include="..\src\physics2\physModel.cpp">
      <Filter>Source Files\physics2</Filter>
    </ClCompile>
    <ClCompile Include="..\src\hex\lineModel.cpp">
      <Filter>Source Files\hex</Filter>
    </ClCompile>
    <ClCompile Include="..\src\physics2\contact.cpp">
      <Filter>Source Files\physics2</Filter>
    </ClCompile>
    <ClCompile Include="..\src\buf2.cpp">
      <Filter>Source Files</Filter>
    </ClCompile>
    <ClCompile Include="..\src\sharedBuf.cpp">
      <Filter>Source Files</Filter>
    </ClCompile>
    <ClCompile Include="..\src\terrain\chunkDataCache.cpp">
      <Filter>terrain2</Filter>
    </ClCompile>
    <ClCompile Include="..\src\messaging\events.cpp">
      <Filter>Source Files\messaging</Filter>
    </ClCompile>
    <ClCompile Include="..\src\messaging\messenger.cpp">
      <Filter>Source Files\messaging</Filter>
    </ClCompile>
  </ItemGroup>
  <ItemGroup>
    <ClInclude Include="..\src\chunk.h">
      <Filter>Header Files</Filter>
    </ClInclude>
    <ClInclude Include="..\src\cnode.h">
      <Filter>Header Files</Filter>
    </ClInclude>
    <ClInclude Include="..\src\colour.h">
      <Filter>Header Files</Filter>
    </ClInclude>
    <ClInclude Include="..\src\Delegate.h">
      <Filter>Header Files</Filter>
    </ClInclude>
    <ClInclude Include="..\Src\Engine.h">
      <Filter>Header Files</Filter>
    </ClInclude>
    <ClInclude Include="..\src\UI\GUIbase.h">
      <Filter>Header Files</Filter>
    </ClInclude>
    <ClInclude Include="..\src\UI\GUIcheckButton.h">
      <Filter>Header Files</Filter>
    </ClInclude>
    <ClInclude Include="..\src\UI\GUIdlg.h">
      <Filter>Header Files</Filter>
    </ClInclude>
    <ClInclude Include="..\src\UI\GUIgroup.h">
      <Filter>Header Files</Filter>
    </ClInclude>
    <ClInclude Include="..\src\UI\GUIiconButton.h">
      <Filter>Header Files</Filter>
    </ClInclude>
    <ClInclude Include="..\src\UI\GUIicons.h">
      <Filter>Header Files</Filter>
    </ClInclude>
    <ClInclude Include="..\src\UI\GUIimageGrid.h">
      <Filter>Header Files</Filter>
    </ClInclude>
    <ClInclude Include="..\src\UI\GUIlabel.h">
      <Filter>Header Files</Filter>
    </ClInclude>
    <ClInclude Include="..\src\UI\GUImouse.h">
      <Filter>Header Files</Filter>
    </ClInclude>
    <ClInclude Include="..\src\UI\GUIpanel.h">
      <Filter>Header Files</Filter>
    </ClInclude>
    <ClInclude Include="..\src\UI\GUIpanelContainer.h">
      <Filter>Header Files</Filter>
    </ClInclude>
    <ClInclude Include="..\src\UI\GUIradio.h">
      <Filter>Header Files</Filter>
    </ClInclude>
    <ClInclude Include="..\src\UI\GUIroot.h">
      <Filter>Header Files</Filter>
    </ClInclude>
    <ClInclude Include="..\src\UI\GUIscrollbar.h">
      <Filter>Header Files</Filter>
    </ClInclude>
    <ClInclude Include="..\Src\Macros.h">
      <Filter>Header Files</Filter>
    </ClInclude>
    <ClInclude Include="..\src\Reader.h">
      <Filter>Header Files</Filter>
    </ClInclude>
    <ClInclude Include="..\src\simplexnoise.h">
      <Filter>Header Files</Filter>
    </ClInclude>
    <ClInclude Include="..\Src\SoundLib.h">
      <Filter>Header Files</Filter>
    </ClInclude>
    <ClInclude Include="..\src\superChunk.h">
      <Filter>Header Files</Filter>
    </ClInclude>
    <ClInclude Include="..\Src\SysFnt.h">
      <Filter>Header Files</Filter>
    </ClInclude>
    <ClInclude Include="..\src\terrain.h">
      <Filter>Header Files</Filter>
    </ClInclude>
    <ClInclude Include="..\Src\TexLoader.h">
      <Filter>Header Files</Filter>
    </ClInclude>
    <ClInclude Include="..\src\Texture.h">
      <Filter>Header Files</Filter>
    </ClInclude>
    <ClInclude Include="..\Src\Timer.h">
      <Filter>Header Files</Filter>
    </ClInclude>
    <ClInclude Include="..\Src\Types.h">
      <Filter>Header Files</Filter>
    </ClInclude>
    <ClInclude Include="..\src\UIengine.h">
      <Filter>Header Files</Filter>
    </ClInclude>
    <ClInclude Include="..\src\vertBufs.h">
      <Filter>Header Files</Filter>
    </ClInclude>
    <ClInclude Include="..\src\renderer\2d.h">
      <Filter>Header Files\renderer</Filter>
    </ClInclude>
    <ClInclude Include="..\src\renderer\3d.h">
      <Filter>Header Files\renderer</Filter>
    </ClInclude>
    <ClInclude Include="..\src\renderer\3dobject.h">
      <Filter>Header Files\renderer</Filter>
    </ClInclude>
    <ClInclude Include="..\src\renderer\camera.h">
      <Filter>Header Files\renderer</Filter>
    </ClInclude>
    <ClInclude Include="..\src\renderer\light.h">
      <Filter>Header Files\renderer</Filter>
    </ClInclude>
    <ClInclude Include="..\src\renderer\model.h">
      <Filter>Header Files\renderer</Filter>
    </ClInclude>
    <ClInclude Include="..\src\renderer\renderer.h">
      <Filter>Header Files\renderer</Filter>
    </ClInclude>
    <ClInclude Include="..\src\direction.h">
      <Filter>Header Files</Filter>
    </ClInclude>
    <ClInclude Include="..\src\renderer\multiBuf.h">
      <Filter>Header Files\renderer</Filter>
    </ClInclude>
    <ClInclude Include="..\src\renderer\buf.h">
      <Filter>Header Files\renderer</Filter>
    </ClInclude>
    <ClInclude Include="..\src\renderer\baseBuf.h">
      <Filter>Header Files\renderer</Filter>
    </ClInclude>
    <ClInclude Include="..\src\skyDome.h">
      <Filter>Header Files</Filter>
    </ClInclude>
    <ClInclude Include="..\src\renderer\material.h">
      <Filter>Header Files\renderer</Filter>
    </ClInclude>
    <ClInclude Include="..\src\renderer\texManager.h">
      <Filter>Header Files\renderer</Filter>
    </ClInclude>
    <ClInclude Include="..\src\renderer\renderModel.h">
      <Filter>Header Files\renderer</Filter>
    </ClInclude>
    <ClInclude Include="..\src\renderer\modelMulti.h">
      <Filter>Header Files\renderer</Filter>
    </ClInclude>
    <ClInclude Include="..\src\renderer\renderMaterial.h">
      <Filter>Header Files\renderer</Filter>
    </ClInclude>
    <ClInclude Include="..\src\renderer\shader.h">
      <Filter>Header Files\renderer</Filter>
    </ClInclude>
    <ClInclude Include="..\src\renderer\renderShader.h">
      <Filter>Header Files\renderer</Filter>
    </ClInclude>
    <ClInclude Include="..\src\renderer\billboard.h">
      <Filter>Header Files\renderer</Filter>
    </ClInclude>
    <ClInclude Include="..\src\physics\physObj.h">
      <Filter>physics</Filter>
    </ClInclude>
    <ClInclude Include="..\src\physics\physObjManager.h">
      <Filter>physics</Filter>
    </ClInclude>
    <ClInclude Include="..\src\physics\basePhysObj.h">
      <Filter>physics</Filter>
    </ClInclude>
    <ClInclude Include="..\src\physics\terrainPhysObj.h">
      <Filter>physics</Filter>
    </ClInclude>
    <ClInclude Include="..\src\physics\bsphere.h">
      <Filter>physics</Filter>
    </ClInclude>
    <ClInclude Include="..\src\physics\collision.h">
      <Filter>physics</Filter>
    </ClInclude>
    <ClInclude Include="..\src\physics\contacts.h">
      <Filter>physics</Filter>
    </ClInclude>
    <ClInclude Include="..\src\physics\aabb.h">
      <Filter>physics</Filter>
    </ClInclude>
    <ClInclude Include="..\src\playerObj.h">
      <Filter>Header Files</Filter>
    </ClInclude>
    <ClInclude Include="..\src\UI\renderDrawFuncs.h">
      <Filter>Header Files</Filter>
    </ClInclude>
    <ClInclude Include="..\src\UI\GUIimage.h">
      <Filter>Header Files</Filter>
    </ClInclude>
    <ClInclude Include="..\src\userTypes.h">
      <Filter>Header Files</Filter>
    </ClInclude>
    <ClInclude Include="..\src\poisson.h">
      <Filter>Header Files</Filter>
    </ClInclude>
    <ClInclude Include="..\src\Plants\fractalTree.h">
      <Filter>plants</Filter>
    </ClInclude>
    <ClInclude Include="..\src\Sprite.h">
      <Filter>Header Files</Filter>
    </ClInclude>
    <ClInclude Include="..\src\shapes.h">
      <Filter>Header Files</Filter>
    </ClInclude>
    <ClInclude Include="..\src\createShape.h">
      <Filter>Header Files</Filter>
    </ClInclude>
    <ClInclude Include="..\src\UI\GUIlabel2.h">
      <Filter>Header Files</Filter>
    </ClInclude>
    <ClInclude Include="..\src\UI\textBuf.h">
      <Filter>Header Files</Filter>
    </ClInclude>
    <ClInclude Include="..\src\renderer\renderTexture.h">
      <Filter>Header Files\renderer</Filter>
    </ClInclude>
    <ClInclude Include="..\src\renderer\baseTexture.h">
      <Filter>Header Files\renderer</Filter>
    </ClInclude>
    <ClInclude Include="..\src\UI\font.h">
      <Filter>Header Files</Filter>
    </ClInclude>
    <ClInclude Include="..\src\smallsysf.h">
      <Filter>Header Files</Filter>
    </ClInclude>
    <ClInclude Include="..\src\UI\GUIbutton2.h">
      <Filter>Header Files</Filter>
    </ClInclude>
    <ClInclude Include="..\src\UI\GUItextbox2.h">
      <Filter>Header Files</Filter>
    </ClInclude>
    <ClInclude Include="..\src\UI\GUInumeric2.h">
      <Filter>Header Files</Filter>
    </ClInclude>
    <ClInclude Include="..\..\VMtest\src\daemon.h">
      <Filter>vm</Filter>
    </ClInclude>
    <ClInclude Include="..\..\VMtest\src\stack.h">
      <Filter>vm</Filter>
    </ClInclude>
    <ClInclude Include="..\..\VMtest\src\var.h">
      <Filter>vm</Filter>
    </ClInclude>
    <ClInclude Include="..\..\VMtest\src\vm.h">
      <Filter>vm</Filter>
    </ClInclude>
    <ClInclude Include="..\..\VMtest\src\vmConsole.h">
      <Filter>vm</Filter>
    </ClInclude>
    <ClInclude Include="..\..\VMtest\src\vmApp.h">
      <Filter>vm</Filter>
    </ClInclude>
    <ClInclude Include="..\src\win\win.h">
      <Filter>Source Files\win</Filter>
    </ClInclude>
    <ClInclude Include="..\src\UI\GUImenu.h">
      <Filter>Header Files</Filter>
    </ClInclude>
    <ClInclude Include="..\src\UI\GUIrichText.h">
      <Filter>Header Files</Filter>
    </ClInclude>
    <ClInclude Include="..\src\UI\GUIpopMenu.h">
      <Filter>Source Files</Filter>
    </ClInclude>
    <ClInclude Include="..\src\renderer\fontManager.h">
      <Filter>Header Files\renderer</Filter>
    </ClInclude>
    <ClInclude Include="..\src\texGen\compositor.h">
      <Filter>texGen</Filter>
    </ClInclude>
    <ClInclude Include="..\src\texGen\texGen.h">
      <Filter>texGen</Filter>
    </ClInclude>
    <ClInclude Include="..\src\UI\GUIpaletteBar.h">
      <Filter>Header Files</Filter>
    </ClInclude>
    <ClInclude Include="..\src\UI\GUIimage1D.h">
      <Filter>Header Files</Filter>
    </ClInclude>
    <ClInclude Include="..\src\UI\GUIcolourPicker.h">
      <Filter>Header Files</Filter>
    </ClInclude>
    <ClInclude Include="..\src\colourGradient.h">
      <Filter>Header Files</Filter>
    </ClInclude>
    <ClInclude Include="..\src\terrain\terrain2.h">
      <Filter>terrain2</Filter>
    </ClInclude>
    <ClInclude Include="..\src\terrain\shell.h">
      <Filter>terrain2</Filter>
    </ClInclude>
    <ClInclude Include="..\src\texGen\texGenUI.h">
      <Filter>texGen</Filter>
    </ClInclude>
    <ClInclude Include="..\src\texGen\GUInoiseCtrl.h">
      <Filter>texGen</Filter>
    </ClInclude>
    <ClInclude Include="..\src\texGen\composeTest.h">
      <Filter>texGen</Filter>
    </ClInclude>
    <ClInclude Include="..\src\UI\rowObject.h">
      <Filter>Header Files</Filter>
    </ClInclude>
    <ClInclude Include="..\src\UI\GUIdropdownMenu.h">
      <Filter>Header Files</Filter>
    </ClInclude>
    <ClInclude Include="..\src\terrain\scArray.h">
      <Filter>terrain2</Filter>
    </ClInclude>
    <ClInclude Include="..\src\terrain\superChunk2.h">
      <Filter>terrain2</Filter>
    </ClInclude>
    <ClInclude Include="..\src\texGen\GUItrackImage.h">
      <Filter>texGen</Filter>
    </ClInclude>
    <ClInclude Include="..\src\renderer\mesh.h">
      <Filter>Header Files\renderer</Filter>
    </ClInclude>
    <ClInclude Include="..\src\renderer\model2.h">
      <Filter>Header Files\renderer</Filter>
    </ClInclude>
    <ClInclude Include="..\src\UI\GUIswatchContainer.h">
      <Filter>Header Files</Filter>
    </ClInclude>
    <ClInclude Include="..\src\UI\GUIcontainer.h">
      <Filter>Header Files</Filter>
    </ClInclude>
    <ClInclude Include="..\src\UI\GUIdragDrop.h">
      <Filter>Header Files</Filter>
    </ClInclude>
    <ClInclude Include="..\src\external\stb_image.h">
      <Filter>Header Files\external</Filter>
    </ClInclude>
    <ClInclude Include="..\src\external\stb_image_write.h">
      <Filter>Header Files\external</Filter>
    </ClInclude>
    <ClInclude Include="..\src\utils\idContainer.h">
      <Filter>Header Files\utils</Filter>
    </ClInclude>
    <ClInclude Include="..\src\UI\GUIstyleSheet.h">
      <Filter>Header Files</Filter>
    </ClInclude>
    <ClInclude Include="..\src\utils\log.h">
      <Filter>Header Files\utils</Filter>
    </ClInclude>
    <ClInclude Include="..\src\UI\GUIposition.h">
      <Filter>Header Files</Filter>
    </ClInclude>
    <ClInclude Include="..\src\UI\GUIbutton.h">
      <Filter>Header Files</Filter>
    </ClInclude>
    <ClInclude Include="..\src\renderer\material2.h">
      <Filter>Header Files\renderer</Filter>
    </ClInclude>
    <ClInclude Include="..\..\3DTest\src\worldUI.h">
      <Filter>vm</Filter>
    </ClInclude>
    <ClInclude Include="..\src\terrain\chunk2.h">
      <Filter>terrain2</Filter>
    </ClInclude>
    <ClInclude Include="..\src\physics\terrainPhysObj2.h">
      <Filter>physics</Filter>
    </ClInclude>
    <ClInclude Include="..\src\UI\GUIcontrols.h">
      <Filter>Header Files</Filter>
    </ClInclude>
    <ClInclude Include="..\src\UI\GUIscrollbar2.h">
      <Filter>Header Files</Filter>
    </ClInclude>
    <ClInclude Include="..\src\UI\text.h">
      <Filter>Header Files</Filter>
    </ClInclude>
    <ClInclude Include="..\Src\BaseApp.h">
      <Filter>Header Files\utils</Filter>
    </ClInclude>
    <ClInclude Include="..\src\importer\importer.h">
      <Filter>Source Files\importer</Filter>
    </ClInclude>
    <ClInclude Include="..\src\importer\simpleMesh.h">
      <Filter>Source Files\importer</Filter>
    </ClInclude>
    <ClInclude Include="..\src\hex\hexArray.h">
      <Filter>Source Files\hex</Filter>
    </ClInclude>
    <ClInclude Include="..\src\hex\hexElement.h">
      <Filter>Source Files\hex</Filter>
    </ClInclude>
    <ClInclude Include="..\src\hex\hex.h">
      <Filter>Source Files\hex</Filter>
    </ClInclude>
    <ClInclude Include="..\src\hex\hexObject.h">
      <Filter>Source Files\hex</Filter>
    </ClInclude>
    <ClInclude Include="..\src\renderer\multiBuf2.h">
      <Filter>Header Files\renderer</Filter>
    </ClInclude>
    <ClInclude Include="..\src\UI\imageBuf.h">
      <Filter>Header Files</Filter>
    </ClInclude>
    <ClInclude Include="..\src\UI\textSprite.h">
      <Filter>Source Files</Filter>
    </ClInclude>
    <ClInclude Include="..\src\hex\hexRenderer.h">
      <Filter>Source Files\hex</Filter>
    </ClInclude>
    <ClInclude Include="..\src\hex\IHexRenderer.h">
      <Filter>Source Files\hex</Filter>
    </ClInclude>
    <ClInclude Include="..\..\VMtest\src\tigObj.h">
      <Filter>vm</Filter>
    </ClInclude>
    <ClInclude Include="..\..\VMtest\src\ITigObj.h">
      <Filter>vm</Filter>
    </ClInclude>
    <ClInclude Include="..\src\terrain\iterrain.h">
      <Filter>terrain2</Filter>
    </ClInclude>
    <ClInclude Include="..\..\VMtest\src\Ivm.h">
      <Filter>vm</Filter>
    </ClInclude>
    <ClInclude Include="..\src\UI\iGuiMsg.h">
      <Filter>Header Files</Filter>
    </ClInclude>
    <ClInclude Include="..\src\UI\lineBuffer.h">
      <Filter>Header Files</Filter>
    </ClInclude>
    <ClInclude Include="..\src\physics2\physEng.h">
      <Filter>Source Files\physics2</Filter>
    </ClInclude>
    <ClInclude Include="..\src\physics2\physObj2.h">
      <Filter>Source Files\physics2</Filter>
    </ClInclude>
    <ClInclude Include="..\src\physics2\physModel.h">
      <Filter>Source Files\physics2</Filter>
    </ClInclude>
    <ClInclude Include="..\src\hex\lineModel.h">
      <Filter>Source Files\hex</Filter>
    </ClInclude>
    <ClInclude Include="..\src\physics2\contact.h">
      <Filter>Source Files\physics2</Filter>
    </ClInclude>
    <ClInclude Include="..\src\buf2.h">
      <Filter>Source Files</Filter>
    </ClInclude>
    <ClInclude Include="..\src\sharedBuf.h">
      <Filter>Source Files</Filter>
    </ClInclude>
    <ClInclude Include="..\src\terrain\chunkDataCache.h">
      <Filter>terrain2</Filter>
    </ClInclude>
    <ClInclude Include="..\src\messaging\events.h">
      <Filter>Source Files\messaging</Filter>
    </ClInclude>
    <ClInclude Include="..\src\messaging\msg.h">
      <Filter>Source Files\messaging</Filter>
    </ClInclude>
    <ClInclude Include="..\src\messaging\messenger.h">
      <Filter>Source Files\messaging</Filter>
    </ClInclude>
    <ClInclude Include="..\src\physics2\collisions.h">
      <Filter>Source Files\physics2</Filter>
    </ClInclude>
  </ItemGroup>
</Project>