<?xml version="1.0" encoding="utf-8"?>
<Project ToolsVersion="4.0" xmlns="http://schemas.microsoft.com/developer/msbuild/2003">
  <ItemGroup>
    <Filter Include="Source Files">
      <UniqueIdentifier>{4FC737F1-C7A5-4376-A066-2A32D752A2FF}</UniqueIdentifier>
      <Extensions>cpp;c;cc;cxx;def;odl;idl;hpj;bat;asm;asmx</Extensions>
    </Filter>
    <Filter Include="Header Files">
      <UniqueIdentifier>{93995380-89BD-4b04-88EB-625FBE52EBFB}</UniqueIdentifier>
      <Extensions>h;hpp;hxx;hm;inl;inc;xsd</Extensions>
    </Filter>
    <Filter Include="Header Files\renderer">
      <UniqueIdentifier>{356f4523-7ed1-410d-8c19-c853150844af}</UniqueIdentifier>
    </Filter>
    <Filter Include="physics">
      <UniqueIdentifier>{68bf13a4-7614-482d-9d7c-c43c43446815}</UniqueIdentifier>
    </Filter>
  </ItemGroup>
  <ItemGroup>
    <ClCompile Include="..\src\2DPolygon.cpp">
      <Filter>Source Files</Filter>
    </ClCompile>
    <ClCompile Include="..\src\2DVector.cpp">
      <Filter>Source Files</Filter>
    </ClCompile>
    <ClCompile Include="..\Src\BaseApp.cpp">
      <Filter>Source Files</Filter>
    </ClCompile>
    <ClCompile Include="..\src\BBox.cpp">
      <Filter>Source Files</Filter>
    </ClCompile>
    <ClCompile Include="..\src\chunk.cpp">
      <Filter>Source Files</Filter>
    </ClCompile>
    <ClCompile Include="..\src\colour.cpp">
      <Filter>Source Files</Filter>
    </ClCompile>
    <ClCompile Include="..\src\dynBuf.cpp">
      <Filter>Source Files</Filter>
    </ClCompile>
    <ClCompile Include="..\Src\Engine.cpp">
      <Filter>Source Files</Filter>
    </ClCompile>
    <ClCompile Include="..\src\UI\GUIbase.cpp">
      <Filter>Source Files</Filter>
    </ClCompile>
    <ClCompile Include="..\src\UI\GUIbutton.cpp">
      <Filter>Source Files</Filter>
    </ClCompile>
    <ClCompile Include="..\src\UI\GUIcheckButton.cpp">
      <Filter>Source Files</Filter>
    </ClCompile>
    <ClCompile Include="..\src\UI\GUIcontainer.cpp">
      <Filter>Source Files</Filter>
    </ClCompile>
    <ClCompile Include="..\src\UI\GUIdlg.cpp">
      <Filter>Source Files</Filter>
    </ClCompile>
    <ClCompile Include="..\src\UI\GUIgroup.cpp">
      <Filter>Source Files</Filter>
    </ClCompile>
    <ClCompile Include="..\src\UI\GUIiconButton.cpp">
      <Filter>Source Files</Filter>
    </ClCompile>
    <ClCompile Include="..\src\UI\GUIimageGrid.cpp">
      <Filter>Source Files</Filter>
    </ClCompile>
    <ClCompile Include="..\src\UI\GUIlabel.cpp">
      <Filter>Source Files</Filter>
    </ClCompile>
    <ClCompile Include="..\src\UI\GUInumeric.cpp">
      <Filter>Source Files</Filter>
    </ClCompile>
    <ClCompile Include="..\src\UI\GUIpanel.cpp">
      <Filter>Source Files</Filter>
    </ClCompile>
    <ClCompile Include="..\src\UI\GUIpanelContainer.cpp">
      <Filter>Source Files</Filter>
    </ClCompile>
    <ClCompile Include="..\src\UI\GUIradio.cpp">
      <Filter>Source Files</Filter>
    </ClCompile>
    <ClCompile Include="..\src\UI\GUIroot.cpp">
      <Filter>Source Files</Filter>
    </ClCompile>
    <ClCompile Include="..\src\UI\GUIscrollbar.cpp">
      <Filter>Source Files</Filter>
    </ClCompile>
    <ClCompile Include="..\src\UI\GUItextbox.cpp">
      <Filter>Source Files</Filter>
    </ClCompile>
    <ClCompile Include="..\Src\ImageLib.cpp">
      <Filter>Source Files</Filter>
    </ClCompile>
    <ClCompile Include="..\src\isoSurface.cpp">
      <Filter>Source Files</Filter>
    </ClCompile>
    <ClCompile Include="..\src\particle.cpp">
      <Filter>Source Files</Filter>
    </ClCompile>
    <ClCompile Include="..\src\Reader.cpp">
      <Filter>Source Files</Filter>
    </ClCompile>
    <ClCompile Include="..\src\simplexnoise.cpp">
      <Filter>Source Files</Filter>
    </ClCompile>
    <ClCompile Include="..\Src\SoundLib.cpp">
      <Filter>Source Files</Filter>
    </ClCompile>
    <ClCompile Include="..\src\Sprite.cpp">
      <Filter>Source Files</Filter>
    </ClCompile>
    <ClCompile Include="..\src\superChunk.cpp">
      <Filter>Source Files</Filter>
    </ClCompile>
    <ClCompile Include="..\src\terrain.cpp">
      <Filter>Source Files</Filter>
    </ClCompile>
    <ClCompile Include="..\Src\TexFont.cpp">
      <Filter>Source Files</Filter>
    </ClCompile>
    <ClCompile Include="..\Src\TexLoader.cpp">
      <Filter>Source Files</Filter>
    </ClCompile>
    <ClCompile Include="..\src\Texture.cpp">
      <Filter>Source Files</Filter>
    </ClCompile>
    <ClCompile Include="..\src\TileLayer.cpp">
      <Filter>Source Files</Filter>
    </ClCompile>
    <ClCompile Include="..\src\UIengine.cpp">
      <Filter>Source Files</Filter>
    </ClCompile>
    <ClCompile Include="..\src\vertBufs.cpp">
      <Filter>Source Files</Filter>
    </ClCompile>
    <ClCompile Include="..\src\watch.cpp">
      <Filter>Source Files</Filter>
    </ClCompile>
    <ClCompile Include="..\Src\Window.cpp">
      <Filter>Source Files</Filter>
    </ClCompile>
    <ClCompile Include="..\src\renderer\2d.cpp">
      <Filter>Header Files\renderer</Filter>
    </ClCompile>
    <ClCompile Include="..\src\renderer\3d.cpp">
      <Filter>Header Files\renderer</Filter>
    </ClCompile>
    <ClCompile Include="..\src\renderer\3dobject.cpp">
      <Filter>Header Files\renderer</Filter>
    </ClCompile>
    <ClCompile Include="..\src\renderer\camera.cpp">
      <Filter>Header Files\renderer</Filter>
    </ClCompile>
    <ClCompile Include="..\src\renderer\light.cpp">
      <Filter>Header Files\renderer</Filter>
    </ClCompile>
    <ClCompile Include="..\src\renderer\model.cpp">
      <Filter>Header Files\renderer</Filter>
    </ClCompile>
    <ClCompile Include="..\src\renderer\renderer.cpp">
      <Filter>Header Files\renderer</Filter>
    </ClCompile>
    <ClCompile Include="..\src\direction.cpp">
      <Filter>Source Files</Filter>
    </ClCompile>
    <ClCompile Include="..\src\renderer\multiBuf.cpp">
      <Filter>Header Files\renderer</Filter>
    </ClCompile>
    <ClCompile Include="..\src\renderer\buf.cpp">
      <Filter>Header Files\renderer</Filter>
    </ClCompile>
    <ClCompile Include="..\src\renderer\baseBuf.cpp">
      <Filter>Header Files\renderer</Filter>
    </ClCompile>
    <ClCompile Include="..\src\skyDome.cpp">
      <Filter>Source Files</Filter>
    </ClCompile>
    <ClCompile Include="..\src\renderer\material.cpp">
      <Filter>Header Files\renderer</Filter>
    </ClCompile>
    <ClCompile Include="..\src\renderer\texManager.cpp">
      <Filter>Header Files\renderer</Filter>
    </ClCompile>
    <ClCompile Include="..\src\renderer\renderModel.cpp">
      <Filter>Header Files\renderer</Filter>
    </ClCompile>
    <ClCompile Include="..\src\renderer\modelMulti.cpp">
      <Filter>Header Files\renderer</Filter>
    </ClCompile>
    <ClCompile Include="..\src\renderer\renderMaterial.cpp">
      <Filter>Header Files\renderer</Filter>
    </ClCompile>
    <ClCompile Include="..\src\renderer\shader.cpp">
      <Filter>Header Files\renderer</Filter>
    </ClCompile>
    <ClCompile Include="..\src\renderer\renderShader.cpp">
      <Filter>Header Files\renderer</Filter>
    </ClCompile>
    <ClCompile Include="..\src\renderer\texShader.cpp">
      <Filter>Header Files\renderer</Filter>
    </ClCompile>
    <ClCompile Include="..\src\renderer\phongShader.cpp">
      <Filter>Header Files\renderer</Filter>
    </ClCompile>
    <ClCompile Include="..\src\skyShader.cpp">
      <Filter>Source Files</Filter>
    </ClCompile>
    <ClCompile Include="..\src\chunkShader.cpp">
      <Filter>Source Files</Filter>
    </ClCompile>
    <ClCompile Include="..\src\chunkCheckShader.cpp">
      <Filter>Source Files</Filter>
    </ClCompile>
    <ClCompile Include="..\src\renderer\wireShader.cpp">
      <Filter>Header Files\renderer</Filter>
    </ClCompile>
    <ClCompile Include="..\src\renderer\billboard.cpp">
      <Filter>Header Files\renderer</Filter>
    </ClCompile>
    <ClCompile Include="..\src\renderer\multiTexShader.cpp">
      <Filter>Header Files\renderer</Filter>
    </ClCompile>
    <ClCompile Include="..\src\renderer\billboardShader.cpp">
      <Filter>Header Files\renderer</Filter>
    </ClCompile>
    <ClCompile Include="..\src\wireBoxShader.cpp">
      <Filter>Source Files</Filter>
    </ClCompile>
    <ClCompile Include="..\src\physics\physObj.cpp">
      <Filter>physics</Filter>
    </ClCompile>
    <ClCompile Include="..\src\physics\physObjManager.cpp">
      <Filter>physics</Filter>
    </ClCompile>
    <ClCompile Include="..\src\physics\basePhysObj.cpp">
      <Filter>physics</Filter>
    </ClCompile>
    <ClCompile Include="..\src\physics\terrainPhysObj.cpp">
      <Filter>physics</Filter>
    </ClCompile>
    <ClCompile Include="..\src\physics\bsphere.cpp">
      <Filter>physics</Filter>
    </ClCompile>
    <ClCompile Include="..\src\physics\collision.cpp">
      <Filter>physics</Filter>
    </ClCompile>
    <ClCompile Include="..\src\physics\contacts.cpp">
      <Filter>physics</Filter>
    </ClCompile>
    <ClCompile Include="..\src\physics\aabb.cpp">
      <Filter>physics</Filter>
    </ClCompile>
    <ClCompile Include="..\src\playerObj.cpp">
      <Filter>Header Files</Filter>
    </ClCompile>
  </ItemGroup>
  <ItemGroup>
    <ClInclude Include="..\Src\Window.h">
      <Filter>Source Files</Filter>
    </ClInclude>
    <ClInclude Include="..\src\2DPolygon.h">
      <Filter>Header Files</Filter>
    </ClInclude>
    <ClInclude Include="..\src\2DVector.h">
      <Filter>Header Files</Filter>
    </ClInclude>
    <ClInclude Include="..\Src\BaseApp.h">
      <Filter>Header Files</Filter>
    </ClInclude>
    <ClInclude Include="..\src\BBox.h">
      <Filter>Header Files</Filter>
    </ClInclude>
    <ClInclude Include="..\src\chunk.h">
      <Filter>Header Files</Filter>
    </ClInclude>
    <ClInclude Include="..\src\cnode.h">
      <Filter>Header Files</Filter>
    </ClInclude>
    <ClInclude Include="..\src\colour.h">
      <Filter>Header Files</Filter>
    </ClInclude>
    <ClInclude Include="..\src\Delegate.h">
      <Filter>Header Files</Filter>
    </ClInclude>
    <ClInclude Include="..\src\dynBuf.h">
      <Filter>Header Files</Filter>
    </ClInclude>
    <ClInclude Include="..\Src\Engine.h">
      <Filter>Header Files</Filter>
    </ClInclude>
    <ClInclude Include="..\src\UI\GUIbase.h">
      <Filter>Header Files</Filter>
    </ClInclude>
    <ClInclude Include="..\src\UI\GUIbutton.h">
      <Filter>Header Files</Filter>
    </ClInclude>
    <ClInclude Include="..\src\UI\GUIcheckButton.h">
      <Filter>Header Files</Filter>
    </ClInclude>
    <ClInclude Include="..\src\UI\GUIcontainer.h">
      <Filter>Header Files</Filter>
    </ClInclude>
    <ClInclude Include="..\src\UI\GUIdlg.h">
      <Filter>Header Files</Filter>
    </ClInclude>
    <ClInclude Include="..\src\UI\GUIgroup.h">
      <Filter>Header Files</Filter>
    </ClInclude>
    <ClInclude Include="..\src\UI\GUIiconButton.h">
      <Filter>Header Files</Filter>
    </ClInclude>
    <ClInclude Include="..\src\UI\GUIicons.h">
      <Filter>Header Files</Filter>
    </ClInclude>
    <ClInclude Include="..\src\UI\GUIimageGrid.h">
      <Filter>Header Files</Filter>
    </ClInclude>
    <ClInclude Include="..\src\UI\GUIlabel.h">
      <Filter>Header Files</Filter>
    </ClInclude>
    <ClInclude Include="..\src\UI\GUImouse.h">
      <Filter>Header Files</Filter>
    </ClInclude>
    <ClInclude Include="..\src\UI\GUInumeric.h">
      <Filter>Header Files</Filter>
    </ClInclude>
    <ClInclude Include="..\src\UI\GUIpanel.h">
      <Filter>Header Files</Filter>
    </ClInclude>
    <ClInclude Include="..\src\UI\GUIpanelContainer.h">
      <Filter>Header Files</Filter>
    </ClInclude>
    <ClInclude Include="..\src\UI\GUIradio.h">
      <Filter>Header Files</Filter>
    </ClInclude>
    <ClInclude Include="..\src\UI\GUIroot.h">
      <Filter>Header Files</Filter>
    </ClInclude>
    <ClInclude Include="..\src\UI\GUIscrollbar.h">
      <Filter>Header Files</Filter>
    </ClInclude>
    <ClInclude Include="..\src\UI\GUItextbox.h">
      <Filter>Header Files</Filter>
    </ClInclude>
    <ClInclude Include="..\Src\ImageLib.h">
      <Filter>Header Files</Filter>
    </ClInclude>
    <ClInclude Include="..\src\isoSurface.h">
      <Filter>Header Files</Filter>
    </ClInclude>
    <ClInclude Include="..\Src\Macros.h">
      <Filter>Header Files</Filter>
    </ClInclude>
    <ClInclude Include="..\src\particle.h">
      <Filter>Header Files</Filter>
    </ClInclude>
    <ClInclude Include="..\src\Reader.h">
      <Filter>Header Files</Filter>
    </ClInclude>
    <ClInclude Include="..\src\simplexnoise.h">
      <Filter>Header Files</Filter>
    </ClInclude>
    <ClInclude Include="..\src\smallsysf.h">
      <Filter>Header Files</Filter>
    </ClInclude>
    <ClInclude Include="..\Src\SOIL.h">
      <Filter>Header Files</Filter>
    </ClInclude>
    <ClInclude Include="..\Src\SoundLib.h">
      <Filter>Header Files</Filter>
    </ClInclude>
    <ClInclude Include="..\src\Sprite.h">
      <Filter>Header Files</Filter>
    </ClInclude>
    <ClInclude Include="..\src\superChunk.h">
      <Filter>Header Files</Filter>
    </ClInclude>
    <ClInclude Include="..\Src\SysFnt.h">
      <Filter>Header Files</Filter>
    </ClInclude>
    <ClInclude Include="..\src\terrain.h">
      <Filter>Header Files</Filter>
    </ClInclude>
    <ClInclude Include="..\Src\TexFont.h">
      <Filter>Header Files</Filter>
    </ClInclude>
    <ClInclude Include="..\Src\TexLoader.h">
      <Filter>Header Files</Filter>
    </ClInclude>
    <ClInclude Include="..\src\Texture.h">
      <Filter>Header Files</Filter>
    </ClInclude>
    <ClInclude Include="..\src\TileLayer.h">
      <Filter>Header Files</Filter>
    </ClInclude>
    <ClInclude Include="..\Src\Timer.h">
      <Filter>Header Files</Filter>
    </ClInclude>
    <ClInclude Include="..\Src\Types.h">
      <Filter>Header Files</Filter>
    </ClInclude>
    <ClInclude Include="..\src\UIengine.h">
      <Filter>Header Files</Filter>
    </ClInclude>
    <ClInclude Include="..\src\vertBufs.h">
      <Filter>Header Files</Filter>
    </ClInclude>
    <ClInclude Include="..\src\watch.h">
      <Filter>Header Files</Filter>
    </ClInclude>
    <ClInclude Include="..\src\renderer\2d.h">
      <Filter>Header Files\renderer</Filter>
    </ClInclude>
    <ClInclude Include="..\src\renderer\3d.h">
      <Filter>Header Files\renderer</Filter>
    </ClInclude>
    <ClInclude Include="..\src\renderer\3dobject.h">
      <Filter>Header Files\renderer</Filter>
    </ClInclude>
    <ClInclude Include="..\src\renderer\camera.h">
      <Filter>Header Files\renderer</Filter>
    </ClInclude>
    <ClInclude Include="..\src\renderer\light.h">
      <Filter>Header Files\renderer</Filter>
    </ClInclude>
    <ClInclude Include="..\src\renderer\model.h">
      <Filter>Header Files\renderer</Filter>
    </ClInclude>
    <ClInclude Include="..\src\renderer\renderer.h">
      <Filter>Header Files\renderer</Filter>
    </ClInclude>
    <ClInclude Include="..\src\direction.h">
      <Filter>Header Files</Filter>
    </ClInclude>
    <ClInclude Include="..\src\renderer\multiBuf.h">
      <Filter>Header Files\renderer</Filter>
    </ClInclude>
    <ClInclude Include="..\src\renderer\buf.h">
      <Filter>Header Files\renderer</Filter>
    </ClInclude>
    <ClInclude Include="..\src\renderer\baseBuf.h">
      <Filter>Header Files\renderer</Filter>
    </ClInclude>
    <ClInclude Include="..\src\skyDome.h">
      <Filter>Header Files</Filter>
    </ClInclude>
    <ClInclude Include="..\src\renderer\material.h">
      <Filter>Header Files\renderer</Filter>
    </ClInclude>
    <ClInclude Include="..\src\renderer\texManager.h">
      <Filter>Header Files\renderer</Filter>
    </ClInclude>
    <ClInclude Include="..\src\renderer\renderModel.h">
      <Filter>Header Files\renderer</Filter>
    </ClInclude>
    <ClInclude Include="..\src\renderer\modelMulti.h">
      <Filter>Header Files\renderer</Filter>
    </ClInclude>
    <ClInclude Include="..\src\renderer\renderMaterial.h">
      <Filter>Header Files\renderer</Filter>
    </ClInclude>
    <ClInclude Include="..\src\renderer\shader.h">
      <Filter>Header Files\renderer</Filter>
    </ClInclude>
    <ClInclude Include="..\src\renderer\renderShader.h">
      <Filter>Header Files\renderer</Filter>
    </ClInclude>
    <ClInclude Include="..\src\renderer\texShader.h">
      <Filter>Header Files\renderer</Filter>
    </ClInclude>
    <ClInclude Include="..\src\renderer\phongShader.h">
      <Filter>Header Files\renderer</Filter>
    </ClInclude>
    <ClInclude Include="..\src\skyShader.h">
      <Filter>Header Files</Filter>
    </ClInclude>
    <ClInclude Include="..\src\chunkShader.h">
      <Filter>Header Files</Filter>
    </ClInclude>
    <ClInclude Include="..\src\chunkCheckShader.h">
      <Filter>Header Files</Filter>
    </ClInclude>
    <ClInclude Include="..\src\renderer\wireShader.h">
      <Filter>Header Files\renderer</Filter>
    </ClInclude>
    <ClInclude Include="..\src\renderer\billboard.h">
      <Filter>Header Files\renderer</Filter>
    </ClInclude>
    <ClInclude Include="..\src\renderer\multiTexShader.h">
      <Filter>Header Files\renderer</Filter>
    </ClInclude>
    <ClInclude Include="..\src\renderer\billboardShader.h">
      <Filter>Header Files\renderer</Filter>
    </ClInclude>
    <ClInclude Include="..\src\wireBoxShader.h">
      <Filter>Header Files</Filter>
    </ClInclude>
    <ClInclude Include="..\src\physics\physObj.h">
      <Filter>physics</Filter>
    </ClInclude>
    <ClInclude Include="..\src\physics\physObjManager.h">
      <Filter>physics</Filter>
    </ClInclude>
    <ClInclude Include="..\src\physics\basePhysObj.h">
      <Filter>physics</Filter>
    </ClInclude>
    <ClInclude Include="..\src\physics\terrainPhysObj.h">
      <Filter>physics</Filter>
    </ClInclude>
    <ClInclude Include="..\src\physics\bsphere.h">
      <Filter>physics</Filter>
    </ClInclude>
    <ClInclude Include="..\src\physics\collision.h">
      <Filter>physics</Filter>
    </ClInclude>
    <ClInclude Include="..\src\physics\contacts.h">
      <Filter>physics</Filter>
    </ClInclude>
    <ClInclude Include="..\src\physics\aabb.h">
      <Filter>physics</Filter>
    </ClInclude>
    <ClInclude Include="..\src\playerObj.h">
      <Filter>Header Files</Filter>
    </ClInclude>
  </ItemGroup>
</Project>